
Microsoft Visual Studio Solution File, Format Version 12.00
# Visual Studio 15
VisualStudioVersion = 15.0.27428.2015
MinimumVisualStudioVersion = 10.0.40219.1
Project("{8BC9CEB8-8B4A-11D0-8D11-00A0C91BC942}") = "MFCApplication1", "MFCApplication1\MFCApplication1.vcxproj", "{EB0239B2-F2BD-4535-BCBF-61F971FA6004}"
EndProject
Global
	GlobalSection(SolutionConfigurationPlatforms) = preSolution
		Debug|x64 = Debug|x64
		Debug|x86 = Debug|x86
		Release|x64 = Release|x64
		Release|x86 = Release|x86
	EndGlobalSection
	GlobalSection(ProjectConfigurationPlatforms) = postSolution
		{EB0239B2-F2BD-4535-BCBF-61F971FA6004}.Debug|x64.ActiveCfg = Debug|x64
		{EB0239B2-F2BD-4535-BCBF-61F971FA6004}.Debug|x64.Build.0 = Debug|x64
		{EB0239B2-F2BD-4535-BCBF-61F971FA6004}.Debug|x86.ActiveCfg = Debug|Win32
		{EB0239B2-F2BD-4535-BCBF-61F971FA6004}.Debug|x86.Build.0 = Debug|Win32
		{EB0239B2-F2BD-4535-BCBF-61F971FA6004}.Release|x64.ActiveCfg = Release|x64
		{EB0239B2-F2BD-4535-BCBF-61F971FA6004}.Release|x64.Build.0 = Release|x64
		{EB0239B2-F2BD-4535-BCBF-61F971FA6004}.Release|x86.ActiveCfg = Release|Win32
		{EB0239B2-F2BD-4535-BCBF-61F971FA6004}.Release|x86.Build.0 = Release|Win32
	EndGlobalSection
	GlobalSection(SolutionProperties) = preSolution
		HideSolutionNode = FALSE
	EndGlobalSection
	GlobalSection(ExtensibilityGlobals) = postSolution
		SolutionGuid = {BBBC1BF1-6367-4BDA-9782-DDA447378E2C}
	EndGlobalSection
EndGlobal
